<?xml version="1.0" encoding="utf-8"?>
<Project ToolsVersion="4.0" xmlns="http://schemas.microsoft.com/developer/msbuild/2003">
  <ItemGroup>
    <Filter Include="Source Files">
      <UniqueIdentifier>{4FC737F1-C7A5-4376-A066-2A32D752A2FF}</UniqueIdentifier>
      <Extensions>cpp;c;cc;cxx;def;odl;idl;hpj;bat;asm;asmx</Extensions>
    </Filter>
    <Filter Include="Header Files">
      <UniqueIdentifier>{93995380-89BD-4b04-88EB-625FBE52EBFB}</UniqueIdentifier>
      <Extensions>h;hh;hpp;hxx;hm;inl;inc;ipp;xsd</Extensions>
    </Filter>
    <Filter Include="Resource Files">
      <UniqueIdentifier>{67DA6AB6-F800-4c08-8B7A-83BB121AAD01}</UniqueIdentifier>
      <Extensions>rc;ico;cur;bmp;dlg;rc2;rct;bin;rgs;gif;jpg;jpeg;jpe;resx;tiff;tif;png;wav;mfcribbon-ms</Extensions>
    </Filter>
  </ItemGroup>
  <ItemGroup>
    <ClCompile Include="src\glad.c">
      <Filter>Source Files</Filter>
    </ClCompile>
    <ClCompile Include="src\stb_image_implimentation.cpp">
      <Filter>Source Files</Filter>
    </ClCompile>
    <ClCompile Include="src\Espresso\Camera.cpp">
      <Filter>Source Files</Filter>
    </ClCompile>
    <ClCompile Include="src\Espresso\Mesh.cpp">
      <Filter>Source Files</Filter>
    </ClCompile>
    <ClCompile Include="src\Espresso\ShaderProgram.cpp">
      <Filter>Source Files</Filter>
    </ClCompile>
    <ClCompile Include="src\Espresso\Texture.cpp">
      <Filter>Source Files</Filter>
    </ClCompile>
    <ClCompile Include="src\Espresso\Scene Manager.cpp">
      <Filter>Source Files</Filter>
    </ClCompile>
    <ClCompile Include="src\Espresso\XinputManager.cpp">
      <Filter>Source Files</Filter>
    </ClCompile>
    <ClCompile Include="src\Espresso\Input.cpp">
      <Filter>Source Files</Filter>
    </ClCompile>
    <ClCompile Include="src\Espresso\Game Object.cpp">
      <Filter>Source Files</Filter>
    </ClCompile>
    <ClCompile Include="src\Espresso\Test Scene.cpp">
      <Filter>Source Files</Filter>
    </ClCompile>
    <ClCompile Include="src\Espresso\main.cpp">
      <Filter>Source Files</Filter>
    </ClCompile>
    <ClCompile Include="src\Espresso\Cube.cpp">
      <Filter>Source Files</Filter>
    </ClCompile>
    <ClCompile Include="src\Espresso\f16.cpp">
      <Filter>Source Files</Filter>
    </ClCompile>
  </ItemGroup>
  <ItemGroup>
    <ClInclude Include="include\Espresso\Camera.h">
      <Filter>Header Files</Filter>
    </ClInclude>
    <ClInclude Include="include\Espresso\IO.h">
      <Filter>Header Files</Filter>
    </ClInclude>
    <ClInclude Include="include\Espresso\Mesh.h">
      <Filter>Header Files</Filter>
    </ClInclude>
    <ClInclude Include="include\Espresso\ShaderProgram.h">
      <Filter>Header Files</Filter>
    </ClInclude>
    <ClInclude Include="include\Espresso\stb_image.h">
      <Filter>Header Files</Filter>
    </ClInclude>
    <ClInclude Include="include\Espresso\Texture.h">
      <Filter>Header Files</Filter>
    </ClInclude>
    <ClInclude Include="include\Espresso\Scene Manager.h">
      <Filter>Header Files</Filter>
    </ClInclude>
    <ClInclude Include="include\Espresso\XinputManager.h">
      <Filter>Header Files</Filter>
    </ClInclude>
    <ClInclude Include="include\Espresso\Events.h">
      <Filter>Header Files</Filter>
    </ClInclude>
    <ClInclude Include="include\Espresso\Input.h">
      <Filter>Header Files</Filter>
    </ClInclude>
    <ClInclude Include="include\Espresso\Game Object.h">
      <Filter>Header Files</Filter>
    </ClInclude>
    <ClInclude Include="include\Espresso\Test Scene.h">
      <Filter>Header Files</Filter>
    </ClInclude>
    <ClInclude Include="include\Espresso\Cube.h">
      <Filter>Header Files</Filter>
    </ClInclude>
    <ClInclude Include="include\Espresso\f16.h">
      <Filter>Header Files</Filter>
    </ClInclude>
  </ItemGroup>
</Project>